// !$*UTF8*$!
{
	archiveVersion = 1;
	classes = {
	};
	objectVersion = 56;
	objects = {

/* Begin PBXBuildFile section */
		8806EFCA2B5FA20C005FD504 /* KGDownloaderApp.swift in Sources */ = {isa = PBXBuildFile; fileRef = 8806EFC92B5FA20C005FD504 /* KGDownloaderApp.swift */; };
		8806EFCC2B5FA20C005FD504 /* ContentView.swift in Sources */ = {isa = PBXBuildFile; fileRef = 8806EFCB2B5FA20C005FD504 /* ContentView.swift */; };
		8806EFCE2B5FA20E005FD504 /* Assets.xcassets in Resources */ = {isa = PBXBuildFile; fileRef = 8806EFCD2B5FA20E005FD504 /* Assets.xcassets */; };
		8806EFD12B5FA20E005FD504 /* Preview Assets.xcassets in Resources */ = {isa = PBXBuildFile; fileRef = 8806EFD02B5FA20E005FD504 /* Preview Assets.xcassets */; };
		8806EFD92B5FA620005FD504 /* Downloader.swift in Sources */ = {isa = PBXBuildFile; fileRef = 8806EFD82B5FA620005FD504 /* Downloader.swift */; };
		8806EFDC2B5FA6AE005FD504 /* ListAPI.swift in Sources */ = {isa = PBXBuildFile; fileRef = 8806EFDA2B5FA6AE005FD504 /* ListAPI.swift */; };
		8806EFDD2B5FA6AE005FD504 /* APIService.swift in Sources */ = {isa = PBXBuildFile; fileRef = 8806EFDB2B5FA6AE005FD504 /* APIService.swift */; };
		8855A8EB2B60FB820002ED48 /* CoreGraphics.framework in Frameworks */ = {isa = PBXBuildFile; fileRef = 8855A8EA2B60FB820002ED48 /* CoreGraphics.framework */; };
		8855A8ED2B60FB910002ED48 /* AVFoundation.framework in Frameworks */ = {isa = PBXBuildFile; fileRef = 8855A8EC2B60FB910002ED48 /* AVFoundation.framework */; };
		8855A8EF2B60FB9A0002ED48 /* CoreVideo.framework in Frameworks */ = {isa = PBXBuildFile; fileRef = 8855A8EE2B60FB990002ED48 /* CoreVideo.framework */; };
		8855A8F12B60FBA30002ED48 /* CoreMedia.framework in Frameworks */ = {isa = PBXBuildFile; fileRef = 8855A8F02B60FBA30002ED48 /* CoreMedia.framework */; };
		8855A8F32B60FBB90002ED48 /* AudioToolbox.framework in Frameworks */ = {isa = PBXBuildFile; fileRef = 8855A8F22B60FBB90002ED48 /* AudioToolbox.framework */; };
		8855A8F52B60FBBE0002ED48 /* VideoToolbox.framework in Frameworks */ = {isa = PBXBuildFile; fileRef = 8855A8F42B60FBBE0002ED48 /* VideoToolbox.framework */; };
		8855A8F72B60FBC40002ED48 /* libbz2.tbd in Frameworks */ = {isa = PBXBuildFile; fileRef = 8855A8F62B60FBC40002ED48 /* libbz2.tbd */; };
		8855A8F92B60FBCD0002ED48 /* libiconv.tbd in Frameworks */ = {isa = PBXBuildFile; fileRef = 8855A8F82B60FBCD0002ED48 /* libiconv.tbd */; };
		8855A8FB2B60FBD10002ED48 /* OpenGL.framework in Frameworks */ = {isa = PBXBuildFile; fileRef = 8855A8FA2B60FBD10002ED48 /* OpenGL.framework */; };
		8855A8FD2B60FBDC0002ED48 /* QuartzCore.framework in Frameworks */ = {isa = PBXBuildFile; fileRef = 8855A8FC2B60FBDC0002ED48 /* QuartzCore.framework */; };
		8855A9022B61031E0002ED48 /* AudioPlayer.swift in Sources */ = {isa = PBXBuildFile; fileRef = 8855A9012B61031E0002ED48 /* AudioPlayer.swift */; };
		9B94B5A4406670A06C39BD2D /* Pods_KGDownloader.framework in Frameworks */ = {isa = PBXBuildFile; fileRef = 4DD71026D90659F969B25F3C /* Pods_KGDownloader.framework */; };
/* End PBXBuildFile section */

/* Begin PBXFileReference section */
		4DD71026D90659F969B25F3C /* Pods_KGDownloader.framework */ = {isa = PBXFileReference; explicitFileType = wrapper.framework; includeInIndex = 0; path = Pods_KGDownloader.framework; sourceTree = BUILT_PRODUCTS_DIR; };
		56230E9AD2E732CE8DEF3C53 /* Pods-KGDownloader.debug.xcconfig */ = {isa = PBXFileReference; includeInIndex = 1; lastKnownFileType = text.xcconfig; name = "Pods-KGDownloader.debug.xcconfig"; path = "Target Support Files/Pods-KGDownloader/Pods-KGDownloader.debug.xcconfig"; sourceTree = "<group>"; };
		8806EFC62B5FA20C005FD504 /* KGDownloader.app */ = {isa = PBXFileReference; explicitFileType = wrapper.application; includeInIndex = 0; path = KGDownloader.app; sourceTree = BUILT_PRODUCTS_DIR; };
		8806EFC92B5FA20C005FD504 /* KGDownloaderApp.swift */ = {isa = PBXFileReference; lastKnownFileType = sourcecode.swift; path = KGDownloaderApp.swift; sourceTree = "<group>"; };
		8806EFCB2B5FA20C005FD504 /* ContentView.swift */ = {isa = PBXFileReference; lastKnownFileType = sourcecode.swift; path = ContentView.swift; sourceTree = "<group>"; };
		8806EFCD2B5FA20E005FD504 /* Assets.xcassets */ = {isa = PBXFileReference; lastKnownFileType = folder.assetcatalog; path = Assets.xcassets; sourceTree = "<group>"; };
		8806EFD02B5FA20E005FD504 /* Preview Assets.xcassets */ = {isa = PBXFileReference; lastKnownFileType = folder.assetcatalog; path = "Preview Assets.xcassets"; sourceTree = "<group>"; };
		8806EFD22B5FA20E005FD504 /* KGDownloader.entitlements */ = {isa = PBXFileReference; lastKnownFileType = text.plist.entitlements; path = KGDownloader.entitlements; sourceTree = "<group>"; };
		8806EFD82B5FA620005FD504 /* Downloader.swift */ = {isa = PBXFileReference; lastKnownFileType = sourcecode.swift; path = Downloader.swift; sourceTree = "<group>"; };
		8806EFDA2B5FA6AE005FD504 /* ListAPI.swift */ = {isa = PBXFileReference; fileEncoding = 4; lastKnownFileType = sourcecode.swift; path = ListAPI.swift; sourceTree = "<group>"; };
		8806EFDB2B5FA6AE005FD504 /* APIService.swift */ = {isa = PBXFileReference; fileEncoding = 4; lastKnownFileType = sourcecode.swift; path = APIService.swift; sourceTree = "<group>"; };
		8855A8EA2B60FB820002ED48 /* CoreGraphics.framework */ = {isa = PBXFileReference; lastKnownFileType = wrapper.framework; name = CoreGraphics.framework; path = System/Library/Frameworks/CoreGraphics.framework; sourceTree = SDKROOT; };
		8855A8EC2B60FB910002ED48 /* AVFoundation.framework */ = {isa = PBXFileReference; lastKnownFileType = wrapper.framework; name = AVFoundation.framework; path = System/Library/Frameworks/AVFoundation.framework; sourceTree = SDKROOT; };
		8855A8EE2B60FB990002ED48 /* CoreVideo.framework */ = {isa = PBXFileReference; lastKnownFileType = wrapper.framework; name = CoreVideo.framework; path = System/Library/Frameworks/CoreVideo.framework; sourceTree = SDKROOT; };
		8855A8F02B60FBA30002ED48 /* CoreMedia.framework */ = {isa = PBXFileReference; lastKnownFileType = wrapper.framework; name = CoreMedia.framework; path = System/Library/Frameworks/CoreMedia.framework; sourceTree = SDKROOT; };
		8855A8F22B60FBB90002ED48 /* AudioToolbox.framework */ = {isa = PBXFileReference; lastKnownFileType = wrapper.framework; name = AudioToolbox.framework; path = System/Library/Frameworks/AudioToolbox.framework; sourceTree = SDKROOT; };
		8855A8F42B60FBBE0002ED48 /* VideoToolbox.framework */ = {isa = PBXFileReference; lastKnownFileType = wrapper.framework; name = VideoToolbox.framework; path = System/Library/Frameworks/VideoToolbox.framework; sourceTree = SDKROOT; };
		8855A8F62B60FBC40002ED48 /* libbz2.tbd */ = {isa = PBXFileReference; lastKnownFileType = "sourcecode.text-based-dylib-definition"; name = libbz2.tbd; path = usr/lib/libbz2.tbd; sourceTree = SDKROOT; };
		8855A8F82B60FBCD0002ED48 /* libiconv.tbd */ = {isa = PBXFileReference; lastKnownFileType = "sourcecode.text-based-dylib-definition"; name = libiconv.tbd; path = usr/lib/libiconv.tbd; sourceTree = SDKROOT; };
		8855A8FA2B60FBD10002ED48 /* OpenGL.framework */ = {isa = PBXFileReference; lastKnownFileType = wrapper.framework; name = OpenGL.framework; path = System/Library/Frameworks/OpenGL.framework; sourceTree = SDKROOT; };
		8855A8FC2B60FBDC0002ED48 /* QuartzCore.framework */ = {isa = PBXFileReference; lastKnownFileType = wrapper.framework; name = QuartzCore.framework; path = System/Library/Frameworks/QuartzCore.framework; sourceTree = SDKROOT; };
		8855A9012B61031E0002ED48 /* AudioPlayer.swift */ = {isa = PBXFileReference; lastKnownFileType = sourcecode.swift; path = AudioPlayer.swift; sourceTree = "<group>"; };
		96371382B5EC35B0B1CF48A0 /* Pods-KGDownloader.release.xcconfig */ = {isa = PBXFileReference; includeInIndex = 1; lastKnownFileType = text.xcconfig; name = "Pods-KGDownloader.release.xcconfig"; path = "Target Support Files/Pods-KGDownloader/Pods-KGDownloader.release.xcconfig"; sourceTree = "<group>"; };
/* End PBXFileReference section */

/* Begin PBXFrameworksBuildPhase section */
		8806EFC32B5FA20C005FD504 /* Frameworks */ = {
			isa = PBXFrameworksBuildPhase;
			buildActionMask = 2147483647;
			files = (
				8855A8F12B60FBA30002ED48 /* CoreMedia.framework in Frameworks */,
				8855A8FD2B60FBDC0002ED48 /* QuartzCore.framework in Frameworks */,
				8855A8FB2B60FBD10002ED48 /* OpenGL.framework in Frameworks */,
				8855A8F92B60FBCD0002ED48 /* libiconv.tbd in Frameworks */,
				8855A8F72B60FBC40002ED48 /* libbz2.tbd in Frameworks */,
				8855A8F52B60FBBE0002ED48 /* VideoToolbox.framework in Frameworks */,
				8855A8F32B60FBB90002ED48 /* AudioToolbox.framework in Frameworks */,
				8855A8EF2B60FB9A0002ED48 /* CoreVideo.framework in Frameworks */,
				8855A8ED2B60FB910002ED48 /* AVFoundation.framework in Frameworks */,
				8855A8EB2B60FB820002ED48 /* CoreGraphics.framework in Frameworks */,
				9B94B5A4406670A06C39BD2D /* Pods_KGDownloader.framework in Frameworks */,
			);
			runOnlyForDeploymentPostprocessing = 0;
		};
/* End PBXFrameworksBuildPhase section */

/* Begin PBXGroup section */
		20856AFF338FC7DA0BCC37A9 /* Frameworks */ = {
			isa = PBXGroup;
			children = (
				8855A8FC2B60FBDC0002ED48 /* QuartzCore.framework */,
				8855A8FA2B60FBD10002ED48 /* OpenGL.framework */,
				8855A8F82B60FBCD0002ED48 /* libiconv.tbd */,
				8855A8F62B60FBC40002ED48 /* libbz2.tbd */,
				8855A8F42B60FBBE0002ED48 /* VideoToolbox.framework */,
				8855A8F22B60FBB90002ED48 /* AudioToolbox.framework */,
				8855A8F02B60FBA30002ED48 /* CoreMedia.framework */,
				8855A8EE2B60FB990002ED48 /* CoreVideo.framework */,
				8855A8EC2B60FB910002ED48 /* AVFoundation.framework */,
				8855A8EA2B60FB820002ED48 /* CoreGraphics.framework */,
				4DD71026D90659F969B25F3C /* Pods_KGDownloader.framework */,
			);
			name = Frameworks;
			sourceTree = "<group>";
		};
		5C29B099D7184C7D9B48E5C9 /* Pods */ = {
			isa = PBXGroup;
			children = (
				56230E9AD2E732CE8DEF3C53 /* Pods-KGDownloader.debug.xcconfig */,
				96371382B5EC35B0B1CF48A0 /* Pods-KGDownloader.release.xcconfig */,
			);
			path = Pods;
			sourceTree = "<group>";
		};
		8806EFBD2B5FA20C005FD504 = {
			isa = PBXGroup;
			children = (
				8806EFC82B5FA20C005FD504 /* KGDownloader */,
				8806EFC72B5FA20C005FD504 /* Products */,
				5C29B099D7184C7D9B48E5C9 /* Pods */,
				20856AFF338FC7DA0BCC37A9 /* Frameworks */,
			);
			sourceTree = "<group>";
		};
		8806EFC72B5FA20C005FD504 /* Products */ = {
			isa = PBXGroup;
			children = (
				8806EFC62B5FA20C005FD504 /* KGDownloader.app */,
			);
			name = Products;
			sourceTree = "<group>";
		};
		8806EFC82B5FA20C005FD504 /* KGDownloader */ = {
			isa = PBXGroup;
			children = (
				8806EFDB2B5FA6AE005FD504 /* APIService.swift */,
				8806EFDA2B5FA6AE005FD504 /* ListAPI.swift */,
				8806EFC92B5FA20C005FD504 /* KGDownloaderApp.swift */,
				8806EFCB2B5FA20C005FD504 /* ContentView.swift */,
				8806EFCD2B5FA20E005FD504 /* Assets.xcassets */,
				8806EFD22B5FA20E005FD504 /* KGDownloader.entitlements */,
				8806EFCF2B5FA20E005FD504 /* Preview Content */,
				8806EFD82B5FA620005FD504 /* Downloader.swift */,
				8855A9012B61031E0002ED48 /* AudioPlayer.swift */,
			);
			path = KGDownloader;
			sourceTree = "<group>";
		};
		8806EFCF2B5FA20E005FD504 /* Preview Content */ = {
			isa = PBXGroup;
			children = (
				8806EFD02B5FA20E005FD504 /* Preview Assets.xcassets */,
			);
			path = "Preview Content";
			sourceTree = "<group>";
		};
/* End PBXGroup section */

/* Begin PBXNativeTarget section */
		8806EFC52B5FA20C005FD504 /* KGDownloader */ = {
			isa = PBXNativeTarget;
			buildConfigurationList = 8806EFD52B5FA20E005FD504 /* Build configuration list for PBXNativeTarget "KGDownloader" */;
			buildPhases = (
				3717B9F741F478CE75F09D25 /* [CP] Check Pods Manifest.lock */,
				8806EFC22B5FA20C005FD504 /* Sources */,
				8806EFC32B5FA20C005FD504 /* Frameworks */,
				8806EFC42B5FA20C005FD504 /* Resources */,
				0797FE253BD446CD3B362B82 /* [CP] Embed Pods Frameworks */,
			);
			buildRules = (
			);
			dependencies = (
			);
			name = KGDownloader;
			productName = KGDownloader;
			productReference = 8806EFC62B5FA20C005FD504 /* KGDownloader.app */;
			productType = "com.apple.product-type.application";
		};
/* End PBXNativeTarget section */

/* Begin PBXProject section */
		8806EFBE2B5FA20C005FD504 /* Project object */ = {
			isa = PBXProject;
			attributes = {
				BuildIndependentTargetsInParallel = 1;
				LastSwiftUpdateCheck = 1500;
				LastUpgradeCheck = 1500;
				TargetAttributes = {
					8806EFC52B5FA20C005FD504 = {
						CreatedOnToolsVersion = 15.0;
						LastSwiftMigration = 1500;
					};
				};
			};
			buildConfigurationList = 8806EFC12B5FA20C005FD504 /* Build configuration list for PBXProject "KGDownloader" */;
			compatibilityVersion = "Xcode 14.0";
			developmentRegion = en;
			hasScannedForEncodings = 0;
			knownRegions = (
				en,
				Base,
			);
			mainGroup = 8806EFBD2B5FA20C005FD504;
			productRefGroup = 8806EFC72B5FA20C005FD504 /* Products */;
			projectDirPath = "";
			projectRoot = "";
			targets = (
				8806EFC52B5FA20C005FD504 /* KGDownloader */,
			);
		};
/* End PBXProject section */

/* Begin PBXResourcesBuildPhase section */
		8806EFC42B5FA20C005FD504 /* Resources */ = {
			isa = PBXResourcesBuildPhase;
			buildActionMask = 2147483647;
			files = (
				8806EFD12B5FA20E005FD504 /* Preview Assets.xcassets in Resources */,
				8806EFCE2B5FA20E005FD504 /* Assets.xcassets in Resources */,
			);
			runOnlyForDeploymentPostprocessing = 0;
		};
/* End PBXResourcesBuildPhase section */

/* Begin PBXShellScriptBuildPhase section */
		0797FE253BD446CD3B362B82 /* [CP] Embed Pods Frameworks */ = {
			isa = PBXShellScriptBuildPhase;
			buildActionMask = 2147483647;
			files = (
			);
			inputFileListPaths = (
				"${PODS_ROOT}/Target Support Files/Pods-KGDownloader/Pods-KGDownloader-frameworks-${CONFIGURATION}-input-files.xcfilelist",
			);
			name = "[CP] Embed Pods Frameworks";
			outputFileListPaths = (
				"${PODS_ROOT}/Target Support Files/Pods-KGDownloader/Pods-KGDownloader-frameworks-${CONFIGURATION}-output-files.xcfilelist",
			);
			runOnlyForDeploymentPostprocessing = 0;
			shellPath = /bin/sh;
			shellScript = "\"${PODS_ROOT}/Target Support Files/Pods-KGDownloader/Pods-KGDownloader-frameworks.sh\"\n";
			showEnvVarsInLog = 0;
		};
		3717B9F741F478CE75F09D25 /* [CP] Check Pods Manifest.lock */ = {
			isa = PBXShellScriptBuildPhase;
			buildActionMask = 2147483647;
			files = (
			);
			inputFileListPaths = (
			);
			inputPaths = (
				"${PODS_PODFILE_DIR_PATH}/Podfile.lock",
				"${PODS_ROOT}/Manifest.lock",
			);
			name = "[CP] Check Pods Manifest.lock";
			outputFileListPaths = (
			);
			outputPaths = (
				"$(DERIVED_FILE_DIR)/Pods-KGDownloader-checkManifestLockResult.txt",
			);
			runOnlyForDeploymentPostprocessing = 0;
			shellPath = /bin/sh;
			shellScript = "diff \"${PODS_PODFILE_DIR_PATH}/Podfile.lock\" \"${PODS_ROOT}/Manifest.lock\" > /dev/null\nif [ $? != 0 ] ; then\n    # print error to STDERR\n    echo \"error: The sandbox is not in sync with the Podfile.lock. Run 'pod install' or update your CocoaPods installation.\" >&2\n    exit 1\nfi\n# This output is used by Xcode 'outputs' to avoid re-running this script phase.\necho \"SUCCESS\" > \"${SCRIPT_OUTPUT_FILE_0}\"\n";
			showEnvVarsInLog = 0;
		};
/* End PBXShellScriptBuildPhase section */

/* Begin PBXSourcesBuildPhase section */
		8806EFC22B5FA20C005FD504 /* Sources */ = {
			isa = PBXSourcesBuildPhase;
			buildActionMask = 2147483647;
			files = (
				8806EFCC2B5FA20C005FD504 /* ContentView.swift in Sources */,
				8806EFDD2B5FA6AE005FD504 /* APIService.swift in Sources */,
				8806EFCA2B5FA20C005FD504 /* KGDownloaderApp.swift in Sources */,
				8806EFDC2B5FA6AE005FD504 /* ListAPI.swift in Sources */,
				8806EFD92B5FA620005FD504 /* Downloader.swift in Sources */,
				8855A9022B61031E0002ED48 /* AudioPlayer.swift in Sources */,
			);
			runOnlyForDeploymentPostprocessing = 0;
		};
/* End PBXSourcesBuildPhase section */

/* Begin XCBuildConfiguration section */
		8806EFD32B5FA20E005FD504 /* Debug */ = {
			isa = XCBuildConfiguration;
			buildSettings = {
				ALWAYS_SEARCH_USER_PATHS = NO;
				ASSETCATALOG_COMPILER_GENERATE_SWIFT_ASSET_SYMBOL_EXTENSIONS = YES;
				CLANG_ANALYZER_NONNULL = YES;
				CLANG_ANALYZER_NUMBER_OBJECT_CONVERSION = YES_AGGRESSIVE;
				CLANG_CXX_LANGUAGE_STANDARD = "gnu++20";
				CLANG_ENABLE_MODULES = YES;
				CLANG_ENABLE_OBJC_ARC = YES;
				CLANG_ENABLE_OBJC_WEAK = YES;
				CLANG_WARN_BLOCK_CAPTURE_AUTORELEASING = YES;
				CLANG_WARN_BOOL_CONVERSION = YES;
				CLANG_WARN_COMMA = YES;
				CLANG_WARN_CONSTANT_CONVERSION = YES;
				CLANG_WARN_DEPRECATED_OBJC_IMPLEMENTATIONS = YES;
				CLANG_WARN_DIRECT_OBJC_ISA_USAGE = YES_ERROR;
				CLANG_WARN_DOCUMENTATION_COMMENTS = YES;
				CLANG_WARN_EMPTY_BODY = YES;
				CLANG_WARN_ENUM_CONVERSION = YES;
				CLANG_WARN_INFINITE_RECURSION = YES;
				CLANG_WARN_INT_CONVERSION = YES;
				CLANG_WARN_NON_LITERAL_NULL_CONVERSION = YES;
				CLANG_WARN_OBJC_IMPLICIT_RETAIN_SELF = YES;
				CLANG_WARN_OBJC_LITERAL_CONVERSION = YES;
				CLANG_WARN_OBJC_ROOT_CLASS = YES_ERROR;
				CLANG_WARN_QUOTED_INCLUDE_IN_FRAMEWORK_HEADER = YES;
				CLANG_WARN_RANGE_LOOP_ANALYSIS = YES;
				CLANG_WARN_STRICT_PROTOTYPES = YES;
				CLANG_WARN_SUSPICIOUS_MOVE = YES;
				CLANG_WARN_UNGUARDED_AVAILABILITY = YES_AGGRESSIVE;
				CLANG_WARN_UNREACHABLE_CODE = YES;
				CLANG_WARN__DUPLICATE_METHOD_MATCH = YES;
				COPY_PHASE_STRIP = NO;
				DEBUG_INFORMATION_FORMAT = dwarf;
				ENABLE_STRICT_OBJC_MSGSEND = YES;
				ENABLE_TESTABILITY = YES;
				ENABLE_USER_SCRIPT_SANDBOXING = NO;
				GCC_C_LANGUAGE_STANDARD = gnu17;
				GCC_DYNAMIC_NO_PIC = NO;
				GCC_NO_COMMON_BLOCKS = YES;
				GCC_OPTIMIZATION_LEVEL = 0;
				GCC_PREPROCESSOR_DEFINITIONS = (
					"DEBUG=1",
					"$(inherited)",
				);
				GCC_WARN_64_TO_32_BIT_CONVERSION = YES;
				GCC_WARN_ABOUT_RETURN_TYPE = YES_ERROR;
				GCC_WARN_UNDECLARED_SELECTOR = YES;
				GCC_WARN_UNINITIALIZED_AUTOS = YES_AGGRESSIVE;
				GCC_WARN_UNUSED_FUNCTION = YES;
				GCC_WARN_UNUSED_VARIABLE = YES;
				LOCALIZATION_PREFERS_STRING_CATALOGS = YES;
				MACOSX_DEPLOYMENT_TARGET = 11.0;
				MTL_ENABLE_DEBUG_INFO = INCLUDE_SOURCE;
				MTL_FAST_MATH = YES;
				ONLY_ACTIVE_ARCH = YES;
				SDKROOT = macosx;
				SWIFT_ACTIVE_COMPILATION_CONDITIONS = "DEBUG $(inherited)";
				SWIFT_OPTIMIZATION_LEVEL = "-Onone";
			};
			name = Debug;
		};
		8806EFD42B5FA20E005FD504 /* Release */ = {
			isa = XCBuildConfiguration;
			buildSettings = {
				ALWAYS_SEARCH_USER_PATHS = NO;
				ASSETCATALOG_COMPILER_GENERATE_SWIFT_ASSET_SYMBOL_EXTENSIONS = YES;
				CLANG_ANALYZER_NONNULL = YES;
				CLANG_ANALYZER_NUMBER_OBJECT_CONVERSION = YES_AGGRESSIVE;
				CLANG_CXX_LANGUAGE_STANDARD = "gnu++20";
				CLANG_ENABLE_MODULES = YES;
				CLANG_ENABLE_OBJC_ARC = YES;
				CLANG_ENABLE_OBJC_WEAK = YES;
				CLANG_WARN_BLOCK_CAPTURE_AUTORELEASING = YES;
				CLANG_WARN_BOOL_CONVERSION = YES;
				CLANG_WARN_COMMA = YES;
				CLANG_WARN_CONSTANT_CONVERSION = YES;
				CLANG_WARN_DEPRECATED_OBJC_IMPLEMENTATIONS = YES;
				CLANG_WARN_DIRECT_OBJC_ISA_USAGE = YES_ERROR;
				CLANG_WARN_DOCUMENTATION_COMMENTS = YES;
				CLANG_WARN_EMPTY_BODY = YES;
				CLANG_WARN_ENUM_CONVERSION = YES;
				CLANG_WARN_INFINITE_RECURSION = YES;
				CLANG_WARN_INT_CONVERSION = YES;
				CLANG_WARN_NON_LITERAL_NULL_CONVERSION = YES;
				CLANG_WARN_OBJC_IMPLICIT_RETAIN_SELF = YES;
				CLANG_WARN_OBJC_LITERAL_CONVERSION = YES;
				CLANG_WARN_OBJC_ROOT_CLASS = YES_ERROR;
				CLANG_WARN_QUOTED_INCLUDE_IN_FRAMEWORK_HEADER = YES;
				CLANG_WARN_RANGE_LOOP_ANALYSIS = YES;
				CLANG_WARN_STRICT_PROTOTYPES = YES;
				CLANG_WARN_SUSPICIOUS_MOVE = YES;
				CLANG_WARN_UNGUARDED_AVAILABILITY = YES_AGGRESSIVE;
				CLANG_WARN_UNREACHABLE_CODE = YES;
				CLANG_WARN__DUPLICATE_METHOD_MATCH = YES;
				COPY_PHASE_STRIP = NO;
				DEBUG_INFORMATION_FORMAT = "dwarf-with-dsym";
				ENABLE_NS_ASSERTIONS = NO;
				ENABLE_STRICT_OBJC_MSGSEND = YES;
				ENABLE_USER_SCRIPT_SANDBOXING = NO;
				GCC_C_LANGUAGE_STANDARD = gnu17;
				GCC_NO_COMMON_BLOCKS = YES;
				GCC_WARN_64_TO_32_BIT_CONVERSION = YES;
				GCC_WARN_ABOUT_RETURN_TYPE = YES_ERROR;
				GCC_WARN_UNDECLARED_SELECTOR = YES;
				GCC_WARN_UNINITIALIZED_AUTOS = YES_AGGRESSIVE;
				GCC_WARN_UNUSED_FUNCTION = YES;
				GCC_WARN_UNUSED_VARIABLE = YES;
				LOCALIZATION_PREFERS_STRING_CATALOGS = YES;
				MACOSX_DEPLOYMENT_TARGET = 11.0;
				MTL_ENABLE_DEBUG_INFO = NO;
				MTL_FAST_MATH = YES;
				SDKROOT = macosx;
				SWIFT_COMPILATION_MODE = wholemodule;
			};
			name = Release;
		};
		8806EFD62B5FA20E005FD504 /* Debug */ = {
			isa = XCBuildConfiguration;
			baseConfigurationReference = 56230E9AD2E732CE8DEF3C53 /* Pods-KGDownloader.debug.xcconfig */;
			buildSettings = {
				ASSETCATALOG_COMPILER_APPICON_NAME = AppIcon;
				ASSETCATALOG_COMPILER_GLOBAL_ACCENT_COLOR_NAME = AccentColor;
				CLANG_ENABLE_MODULES = YES;
				CODE_SIGN_ENTITLEMENTS = KGDownloader/KGDownloader.entitlements;
				CODE_SIGN_STYLE = Automatic;
				COMBINE_HIDPI_IMAGES = YES;
				CURRENT_PROJECT_VERSION = 1;
				DEVELOPMENT_ASSET_PATHS = "\"KGDownloader/Preview Content\"";
				DEVELOPMENT_TEAM = DQFEA2B5H2;
				ENABLE_HARDENED_RUNTIME = YES;
				ENABLE_PREVIEWS = YES;
				ENABLE_USER_SCRIPT_SANDBOXING = NO;
				GENERATE_INFOPLIST_FILE = YES;
				INFOPLIST_KEY_CFBundleDisplayName = "酷狗下载器";
				INFOPLIST_KEY_NSHumanReadableCopyright = "";
				LD_RUNPATH_SEARCH_PATHS = (
					"$(inherited)",
					"@executable_path/../Frameworks",
				);
				MACOSX_DEPLOYMENT_TARGET = 11.0;
				MARKETING_VERSION = 1.0;
				PRODUCT_BUNDLE_IDENTIFIER = com.yfm.KGDownloader;
				PRODUCT_NAME = "$(TARGET_NAME)";
				SWIFT_EMIT_LOC_STRINGS = YES;
				SWIFT_OBJC_BRIDGING_HEADER = "";
				SWIFT_OPTIMIZATION_LEVEL = "-Onone";
				SWIFT_VERSION = 5.0;
			};
			name = Debug;
		};
		8806EFD72B5FA20E005FD504 /* Release */ = {
			isa = XCBuildConfiguration;
			baseConfigurationReference = 96371382B5EC35B0B1CF48A0 /* Pods-KGDownloader.release.xcconfig */;
			buildSettings = {
				ASSETCATALOG_COMPILER_APPICON_NAME = AppIcon;
				ASSETCATALOG_COMPILER_GLOBAL_ACCENT_COLOR_NAME = AccentColor;
				CLANG_ENABLE_MODULES = YES;
				CODE_SIGN_ENTITLEMENTS = KGDownloader/KGDownloader.entitlements;
				CODE_SIGN_STYLE = Automatic;
				COMBINE_HIDPI_IMAGES = YES;
				CURRENT_PROJECT_VERSION = 1;
				DEVELOPMENT_ASSET_PATHS = "\"KGDownloader/Preview Content\"";
				DEVELOPMENT_TEAM = DQFEA2B5H2;
				ENABLE_HARDENED_RUNTIME = YES;
				ENABLE_PREVIEWS = YES;
				ENABLE_USER_SCRIPT_SANDBOXING = NO;
				GENERATE_INFOPLIST_FILE = YES;
				INFOPLIST_KEY_CFBundleDisplayName = "酷狗下载器";
				INFOPLIST_KEY_NSHumanReadableCopyright = "";
				LD_RUNPATH_SEARCH_PATHS = (
					"$(inherited)",
					"@executable_path/../Frameworks",
				);
				MACOSX_DEPLOYMENT_TARGET = 11.0;
				MARKETING_VERSION = 1.0;
				PRODUCT_BUNDLE_IDENTIFIER = com.yfm.KGDownloader;
				PRODUCT_NAME = "$(TARGET_NAME)";
				SWIFT_EMIT_LOC_STRINGS = YES;
				SWIFT_OBJC_BRIDGING_HEADER = "";
				SWIFT_VERSION = 5.0;
			};
			name = Release;
		};
/* End XCBuildConfiguration section */

/* Begin XCConfigurationList section */
		8806EFC12B5FA20C005FD504 /* Build configuration list for PBXProject "KGDownloader" */ = {
			isa = XCConfigurationList;
			buildConfigurations = (
				8806EFD32B5FA20E005FD504 /* Debug */,
				8806EFD42B5FA20E005FD504 /* Release */,
			);
			defaultConfigurationIsVisible = 0;
			defaultConfigurationName = Release;
		};
		8806EFD52B5FA20E005FD504 /* Build configuration list for PBXNativeTarget "KGDownloader" */ = {
			isa = XCConfigurationList;
			buildConfigurations = (
				8806EFD62B5FA20E005FD504 /* Debug */,
				8806EFD72B5FA20E005FD504 /* Release */,
			);
			defaultConfigurationIsVisible = 0;
			defaultConfigurationName = Release;
		};
/* End XCConfigurationList section */
	};
	rootObject = 8806EFBE2B5FA20C005FD504 /* Project object */;
}
